Microsoft Visual Studio Solution File, Format Version 12.00
# Visual Studio Version 17
VisualStudioVersion = 17.0.31903.59
MinimumVisualStudioVersion = 10.0.40219.1
Project("{FAE04EC0-301F-11D3-BF4B-00C04F79EFBC}") = "VolvoJ2534.App", "src\VolvoJ2534.App\VolvoJ2534.App.csproj", "{6D8B5E8C-6D1A-4F5C-AF4A-3B2A7E4E1D01}"
EndProject
Global
	GlobalSection(SolutionConfigurationPlatforms) = preSolution
		Debug|x86 = Debug|x86
		Release|x86 = Release|x86
	EndGlobalSection
	GlobalSection(ProjectConfigurationPlatforms) = postSolution
		{6D8B5E8C-6D1A-4F5C-AF4A-3B2A7E4E1D01}.Debug|x86.ActiveCfg = Debug|x86
		{6D8B5E8C-6D1A-4F5C-AF4A-3B2A7E4E1D01}.Debug|x86.Build.0 = Debug|x86
		{6D8B5E8C-6D1A-4F5C-AF4A-3B2A7E4E1D01}.Release|x86.ActiveCfg = Release|x86
		{6D8B5E8C-6D1A-4F5C-AF4A-3B2A7E4E1D01}.Release|x86.Build.0 = Release|x86
	EndGlobalSection
EndGlobal
